{
  "name": "@adyen/adyen-salesforce-pwa",
  "version": "1.0.0-beta",
  "lockfileVersion": 1,
  "requires": true,
  "dependencies": {
    "@adyen/adyen-web": {
      "version": "5.53.3",
      "resolved": "https://registry.npmjs.org/@adyen/adyen-web/-/adyen-web-5.53.3.tgz",
      "integrity": "sha512-53nRJl2qxrpTr4YKa1D84GomXCDN6V7F9UKrlMUqyH7DEOVtBDxb8vJ85l/C76a0UTO3aPYJ+w+BdTHSJbhwGw==",
      "requires": {
        "@babel/runtime": "^7.15.4",
        "@babel/runtime-corejs3": "^7.20.1",
        "@types/applepayjs": "^3.0.4",
        "@types/googlepay": "^0.7.0",
        "classnames": "^2.3.1",
        "core-js-pure": "^3.25.3",
        "preact": "10.13.2"
      }
    },
    "@adyen/api-library": {
      "version": "14.4.0",
      "resolved": "https://registry.npmjs.org/@adyen/api-library/-/api-library-14.4.0.tgz",
      "integrity": "sha512-HHX9tJQxJud0ZWRgh2qGejqQMASR/Gk/u/y9M3cx4a/cFqMWBh+nWHkvTRYuGHrTf65uLzfNLT2dA/tHD/MENA==",
      "requires": {
        "@types/node": "14.18.61",
        "https-proxy-agent": "5.0.1"
      }
    },
    "@babel/runtime": {
      "version": "7.23.4",
      "resolved": "https://registry.npmjs.org/@babel/runtime/-/runtime-7.23.4.tgz",
      "integrity": "sha512-2Yv65nlWnWlSpe3fXEyX5i7fx5kIKo4Qbcj+hMO0odwaneFjfXw5fdum+4yL20O0QiaHpia0cYQ9xpNMqrBwHg==",
      "requires": {
        "regenerator-runtime": "^0.14.0"
      }
    },
    "@babel/runtime-corejs3": {
      "version": "7.23.4",
      "resolved": "https://registry.npmjs.org/@babel/runtime-corejs3/-/runtime-corejs3-7.23.4.tgz",
      "integrity": "sha512-zQyB4MJGM+rvd4pM58n26kf3xbiitw9MHzL8oLiBMKb8MCtVDfV5nDzzJWWzLMtbvKI9wN6XwJYl479qF4JluQ==",
      "requires": {
        "core-js-pure": "^3.30.2",
        "regenerator-runtime": "^0.14.0"
      }
    },
    "@types/applepayjs": {
      "version": "3.0.4",
      "resolved": "https://registry.npmjs.org/@types/applepayjs/-/applepayjs-3.0.4.tgz",
      "integrity": "sha512-RqaVZWy1Kj4e1PoUoOI8uA+4UuuLpicQFxfU9Y/xWJFZFT6mFB4PiiY911iDxFk7pdvaj5HKH7VsWRisRca1Rg=="
    },
    "@types/googlepay": {
      "version": "0.7.5",
      "resolved": "https://registry.npmjs.org/@types/googlepay/-/googlepay-0.7.5.tgz",
      "integrity": "sha512-158egcRaqkMSpW6unyGV4uG4FpoCklRf3J5emCzOXSRVAohMfIuZ481JNvp4X6+KxoNjxWiGtMx5vb1YfQADPw=="
    },
    "@types/node": {
      "version": "14.18.61",
      "resolved": "https://registry.npmjs.org/@types/node/-/node-14.18.61.tgz",
      "integrity": "sha512-1mFT4DqS4/s9tlZbdkwEB/EnSykA9MDeDLIk3FHApGvIMGY//qgstB2gu9GKGESWyW/qiRUO+jhlLJ9bBJ8j+Q==",
      "optional": true
    },
    "agent-base": {
      "version": "6.0.2",
      "resolved": "https://registry.npmjs.org/agent-base/-/agent-base-6.0.2.tgz",
      "integrity": "sha512-RZNwNclF7+MS/8bDg70amg32dyeZGZxiDuQmZxKLAlQjr3jGyLx+4Kkk58UO7D2QdgFIQCovuSuZESne6RG6XQ==",
      "requires": {
        "debug": "4"
      }
    },
    "classnames": {
      "version": "2.3.2",
      "resolved": "https://registry.npmjs.org/classnames/-/classnames-2.3.2.tgz",
      "integrity": "sha512-CSbhY4cFEJRe6/GQzIk5qXZ4Jeg5pcsP7b5peFSDpffpe1cqjASH/n9UTjBwOp6XpMSTwQ8Za2K5V02ueA7Tmw=="
    },
    "core-js-pure": {
      "version": "3.33.3",
      "resolved": "https://registry.npmjs.org/core-js-pure/-/core-js-pure-3.33.3.tgz",
      "integrity": "sha512-taJ00IDOP+XYQEA2dAe4ESkmHt1fL8wzYDo3mRWQey8uO9UojlBFMneA65kMyxfYP7106c6LzWaq7/haDT6BCQ=="
    },
    "debug": {
      "version": "4.3.4",
      "resolved": "https://registry.npmjs.org/debug/-/debug-4.3.4.tgz",
      "integrity": "sha512-PRWFHuSU3eDtQJPvnNY7Jcket1j0t5OuOsFzPPzsekD52Zl8qUfFIPEiswXqIvHWGVHOgX+7G/vCNNhehwxfkQ==",
      "requires": {
        "ms": "2.1.2"
      }
    },
    "express-validator": {
      "version": "7.0.1",
      "resolved": "https://registry.npmjs.org/express-validator/-/express-validator-7.0.1.tgz",
      "integrity": "sha512-oB+z9QOzQIE8FnlINqyIFA8eIckahC6qc8KtqLdLJcU3/phVyuhXH3bA4qzcrhme+1RYaCSwrq+TlZ/kAKIARA==",
      "requires": {
        "lodash": "^4.17.21",
        "validator": "^13.9.0"
      }
    },
    "https-proxy-agent": {
      "version": "5.0.1",
      "resolved": "https://registry.npmjs.org/https-proxy-agent/-/https-proxy-agent-5.0.1.tgz",
      "integrity": "sha512-dFcAjpTQFgoLMzC2VwU+C/CbS7uRL0lWmxDITmqm7C+7F0Odmj6s9l6alZc6AELXhrnggM2CeWSXHGOdX2YtwA==",
      "requires": {
        "agent-base": "6",
        "debug": "4"
      }
    },
    "lodash": {
      "version": "4.17.21",
      "resolved": "https://registry.npmjs.org/lodash/-/lodash-4.17.21.tgz",
      "integrity": "sha512-v2kDEe57lecTulaDIuNTPy3Ry4gLGJ6Z1O3vE1krgXZNrsQ+LFTGHVxVjcXPs17LhbZVGedAJv8XZ1tvj5FvSg=="
    },
    "ms": {
      "version": "2.1.2",
      "resolved": "https://registry.npmjs.org/ms/-/ms-2.1.2.tgz",
      "integrity": "sha512-sGkPx+VjMtmA6MX27oA4FBFELFCZZ4S4XqeGOXCv68tT+jb3vk/RyaKWP0PTKyWtmLSM0b+adUTEvbs1PEaH2w=="
    },
    "preact": {
      "version": "10.13.2",
      "resolved": "https://registry.npmjs.org/preact/-/preact-10.13.2.tgz",
      "integrity": "sha512-q44QFLhOhty2Bd0Y46fnYW0gD/cbVM9dUVtNTDKPcdXSMA7jfY+Jpd6rk3GB0lcQss0z5s/6CmVP0Z/hV+g6pw=="
    },
    "regenerator-runtime": {
      "version": "0.14.0",
      "resolved": "https://registry.npmjs.org/regenerator-runtime/-/regenerator-runtime-0.14.0.tgz",
      "integrity": "sha512-srw17NI0TUWHuGa5CFGGmhfNIeja30WMBfbslPNhf6JrqQlLN5gcrvig1oqPxiVaXb0oW0XRKtH6Nngs5lKCIA=="
    },
    "uuid": {
      "version": "9.0.1",
      "resolved": "https://registry.npmjs.org/uuid/-/uuid-9.0.1.tgz",
      "integrity": "sha512-b+1eJOlsR9K8HJpow9Ok3fiWOWSIcIzXodvv0rQjVoOVNpWMpxf1wZNpt4y9h10odCNrqnYp1OBzRktckBe3sA=="
    },
    "validator": {
      "version": "13.11.0",
      "resolved": "https://registry.npmjs.org/validator/-/validator-13.11.0.tgz",
      "integrity": "sha512-Ii+sehpSfZy+At5nPdnyMhx78fEoPDkR2XW/zimHEL3MyGJQOCQ7WeP20jPYRz7ZCpcKLB21NxuXHF3bxjStBQ=="
    }
  }
}
